
Microsoft Visual Studio Solution File, Format Version 12.00
# Visual Studio Version 16
VisualStudioVersion = 16.0.30011.22
MinimumVisualStudioVersion = 10.0.40219.1
Project("{9A19103F-16F7-4668-BE54-9A1E7A4F7556}") = "eVehicleDealership.WebAPI", "eVehicleDealership.WebAPI\eVehicleDealership.WebAPI.csproj", "{FAB5C99A-D38C-4F6E-841B-C27B649642AB}"
EndProject
Project("{9A19103F-16F7-4668-BE54-9A1E7A4F7556}") = "eVehicleDealership.Modeli", "eVehicleDealership.Model\eVehicleDealership.Modeli.csproj", "{F8BF5CA5-1316-4B0C-B904-2FB037613D26}"
EndProject
Project("{2150E333-8FDC-42A3-9474-1A3956D46DE8}") = "UI", "UI", "{9C42A07B-FB56-4155-AA16-6E93A7AF6910}"
EndProject
Project("{FAE04EC0-301F-11D3-BF4B-00C04F79EFBC}") = "eVehicleDealership.WinUI", "eVehicleDealership.WinUI\eVehicleDealership.WinUI.csproj", "{64B6D16E-661C-40D8-BF8F-0A0D265218D9}"
EndProject
Project("{2150E333-8FDC-42A3-9474-1A3956D46DE8}") = "Mobile", "Mobile", "{5B65DFFB-3EB8-4CE1-9ADB-36EA1D7083DE}"
EndProject
Project("{FAE04EC0-301F-11D3-BF4B-00C04F79EFBC}") = "eVehicleDealership.Mobile.Android", "eVehicleDealership.Mobile\eVehicleDealership.Mobile.Android\eVehicleDealership.Mobile.Android.csproj", "{AD75B139-DE22-4016-A5BC-416D48284AEF}"
EndProject
Project("{FAE04EC0-301F-11D3-BF4B-00C04F79EFBC}") = "eVehicleDealership.Mobile.iOS", "eVehicleDealership.Mobile\eVehicleDealership.Mobile.iOS\eVehicleDealership.Mobile.iOS.csproj", "{2E9A7503-AEC2-4189-B09A-DA04D9A8AD3E}"
EndProject
Project("{9A19103F-16F7-4668-BE54-9A1E7A4F7556}") = "eVehicleDealership.Mobile", "eVehicleDealership.Mobile\eVehicleDealership.Mobile\eVehicleDealership.Mobile.csproj", "{3AE36E94-98D8-4536-871E-64FEEC02D9CB}"
EndProject
Global
	GlobalSection(SolutionConfigurationPlatforms) = preSolution
		Debug|Any CPU = Debug|Any CPU
		Debug|ARM = Debug|ARM
		Debug|iPhone = Debug|iPhone
		Debug|iPhoneSimulator = Debug|iPhoneSimulator
		Debug|x64 = Debug|x64
		Debug|x86 = Debug|x86
		Release|Any CPU = Release|Any CPU
		Release|ARM = Release|ARM
		Release|iPhone = Release|iPhone
		Release|iPhoneSimulator = Release|iPhoneSimulator
		Release|x64 = Release|x64
		Release|x86 = Release|x86
	EndGlobalSection
	GlobalSection(ProjectConfigurationPlatforms) = postSolution
		{FAB5C99A-D38C-4F6E-841B-C27B649642AB}.Debug|Any CPU.ActiveCfg = Debug|Any CPU
		{FAB5C99A-D38C-4F6E-841B-C27B649642AB}.Debug|Any CPU.Build.0 = Debug|Any CPU
		{FAB5C99A-D38C-4F6E-841B-C27B649642AB}.Debug|ARM.ActiveCfg = Debug|Any CPU
		{FAB5C99A-D38C-4F6E-841B-C27B649642AB}.Debug|ARM.Build.0 = Debug|Any CPU
		{FAB5C99A-D38C-4F6E-841B-C27B649642AB}.Debug|iPhone.ActiveCfg = Debug|Any CPU
		{FAB5C99A-D38C-4F6E-841B-C27B649642AB}.Debug|iPhone.Build.0 = Debug|Any CPU
		{FAB5C99A-D38C-4F6E-841B-C27B649642AB}.Debug|iPhoneSimulator.ActiveCfg = Debug|Any CPU
		{FAB5C99A-D38C-4F6E-841B-C27B649642AB}.Debug|iPhoneSimulator.Build.0 = Debug|Any CPU
		{FAB5C99A-D38C-4F6E-841B-C27B649642AB}.Debug|x64.ActiveCfg = Debug|Any CPU
		{FAB5C99A-D38C-4F6E-841B-C27B649642AB}.Debug|x64.Build.0 = Debug|Any CPU
		{FAB5C99A-D38C-4F6E-841B-C27B649642AB}.Debug|x86.ActiveCfg = Debug|Any CPU
		{FAB5C99A-D38C-4F6E-841B-C27B649642AB}.Debug|x86.Build.0 = Debug|Any CPU
		{FAB5C99A-D38C-4F6E-841B-C27B649642AB}.Release|Any CPU.ActiveCfg = Release|Any CPU
		{FAB5C99A-D38C-4F6E-841B-C27B649642AB}.Release|Any CPU.Build.0 = Release|Any CPU
		{FAB5C99A-D38C-4F6E-841B-C27B649642AB}.Release|ARM.ActiveCfg = Release|Any CPU
		{FAB5C99A-D38C-4F6E-841B-C27B649642AB}.Release|ARM.Build.0 = Release|Any CPU
		{FAB5C99A-D38C-4F6E-841B-C27B649642AB}.Release|iPhone.ActiveCfg = Release|Any CPU
		{FAB5C99A-D38C-4F6E-841B-C27B649642AB}.Release|iPhone.Build.0 = Release|Any CPU
		{FAB5C99A-D38C-4F6E-841B-C27B649642AB}.Release|iPhoneSimulator.ActiveCfg = Release|Any CPU
		{FAB5C99A-D38C-4F6E-841B-C27B649642AB}.Release|iPhoneSimulator.Build.0 = Release|Any CPU
		{FAB5C99A-D38C-4F6E-841B-C27B649642AB}.Release|x64.ActiveCfg = Release|Any CPU
		{FAB5C99A-D38C-4F6E-841B-C27B649642AB}.Release|x64.Build.0 = Release|Any CPU
		{FAB5C99A-D38C-4F6E-841B-C27B649642AB}.Release|x86.ActiveCfg = Release|Any CPU
		{FAB5C99A-D38C-4F6E-841B-C27B649642AB}.Release|x86.Build.0 = Release|Any CPU
		{F8BF5CA5-1316-4B0C-B904-2FB037613D26}.Debug|Any CPU.ActiveCfg = Debug|Any CPU
		{F8BF5CA5-1316-4B0C-B904-2FB037613D26}.Debug|Any CPU.Build.0 = Debug|Any CPU
		{F8BF5CA5-1316-4B0C-B904-2FB037613D26}.Debug|ARM.ActiveCfg = Debug|Any CPU
		{F8BF5CA5-1316-4B0C-B904-2FB037613D26}.Debug|ARM.Build.0 = Debug|Any CPU
		{F8BF5CA5-1316-4B0C-B904-2FB037613D26}.Debug|iPhone.ActiveCfg = Debug|Any CPU
		{F8BF5CA5-1316-4B0C-B904-2FB037613D26}.Debug|iPhone.Build.0 = Debug|Any CPU
		{F8BF5CA5-1316-4B0C-B904-2FB037613D26}.Debug|iPhoneSimulator.ActiveCfg = Debug|Any CPU
		{F8BF5CA5-1316-4B0C-B904-2FB037613D26}.Debug|iPhoneSimulator.Build.0 = Debug|Any CPU
		{F8BF5CA5-1316-4B0C-B904-2FB037613D26}.Debug|x64.ActiveCfg = Debug|Any CPU
		{F8BF5CA5-1316-4B0C-B904-2FB037613D26}.Debug|x64.Build.0 = Debug|Any CPU
		{F8BF5CA5-1316-4B0C-B904-2FB037613D26}.Debug|x86.ActiveCfg = Debug|Any CPU
		{F8BF5CA5-1316-4B0C-B904-2FB037613D26}.Debug|x86.Build.0 = Debug|Any CPU
		{F8BF5CA5-1316-4B0C-B904-2FB037613D26}.Release|Any CPU.ActiveCfg = Release|Any CPU
		{F8BF5CA5-1316-4B0C-B904-2FB037613D26}.Release|Any CPU.Build.0 = Release|Any CPU
		{F8BF5CA5-1316-4B0C-B904-2FB037613D26}.Release|ARM.ActiveCfg = Release|Any CPU
		{F8BF5CA5-1316-4B0C-B904-2FB037613D26}.Release|ARM.Build.0 = Release|Any CPU
		{F8BF5CA5-1316-4B0C-B904-2FB037613D26}.Release|iPhone.ActiveCfg = Release|Any CPU
		{F8BF5CA5-1316-4B0C-B904-2FB037613D26}.Release|iPhone.Build.0 = Release|Any CPU
		{F8BF5CA5-1316-4B0C-B904-2FB037613D26}.Release|iPhoneSimulator.ActiveCfg = Release|Any CPU
		{F8BF5CA5-1316-4B0C-B904-2FB037613D26}.Release|iPhoneSimulator.Build.0 = Release|Any CPU
		{F8BF5CA5-1316-4B0C-B904-2FB037613D26}.Release|x64.ActiveCfg = Release|Any CPU
		{F8BF5CA5-1316-4B0C-B904-2FB037613D26}.Release|x64.Build.0 = Release|Any CPU
		{F8BF5CA5-1316-4B0C-B904-2FB037613D26}.Release|x86.ActiveCfg = Release|Any CPU
		{F8BF5CA5-1316-4B0C-B904-2FB037613D26}.Release|x86.Build.0 = Release|Any CPU
		{64B6D16E-661C-40D8-BF8F-0A0D265218D9}.Debug|Any CPU.ActiveCfg = Debug|Any CPU
		{64B6D16E-661C-40D8-BF8F-0A0D265218D9}.Debug|Any CPU.Build.0 = Debug|Any CPU
		{64B6D16E-661C-40D8-BF8F-0A0D265218D9}.Debug|ARM.ActiveCfg = Debug|Any CPU
		{64B6D16E-661C-40D8-BF8F-0A0D265218D9}.Debug|ARM.Build.0 = Debug|Any CPU
		{64B6D16E-661C-40D8-BF8F-0A0D265218D9}.Debug|iPhone.ActiveCfg = Debug|Any CPU
		{64B6D16E-661C-40D8-BF8F-0A0D265218D9}.Debug|iPhone.Build.0 = Debug|Any CPU
		{64B6D16E-661C-40D8-BF8F-0A0D265218D9}.Debug|iPhoneSimulator.ActiveCfg = Debug|Any CPU
		{64B6D16E-661C-40D8-BF8F-0A0D265218D9}.Debug|iPhoneSimulator.Build.0 = Debug|Any CPU
		{64B6D16E-661C-40D8-BF8F-0A0D265218D9}.Debug|x64.ActiveCfg = Debug|Any CPU
		{64B6D16E-661C-40D8-BF8F-0A0D265218D9}.Debug|x64.Build.0 = Debug|Any CPU
		{64B6D16E-661C-40D8-BF8F-0A0D265218D9}.Debug|x86.ActiveCfg = Debug|Any CPU
		{64B6D16E-661C-40D8-BF8F-0A0D265218D9}.Debug|x86.Build.0 = Debug|Any CPU
		{64B6D16E-661C-40D8-BF8F-0A0D265218D9}.Release|Any CPU.ActiveCfg = Release|Any CPU
		{64B6D16E-661C-40D8-BF8F-0A0D265218D9}.Release|Any CPU.Build.0 = Release|Any CPU
		{64B6D16E-661C-40D8-BF8F-0A0D265218D9}.Release|ARM.ActiveCfg = Release|Any CPU
		{64B6D16E-661C-40D8-BF8F-0A0D265218D9}.Release|ARM.Build.0 = Release|Any CPU
		{64B6D16E-661C-40D8-BF8F-0A0D265218D9}.Release|iPhone.ActiveCfg = Release|Any CPU
		{64B6D16E-661C-40D8-BF8F-0A0D265218D9}.Release|iPhone.Build.0 = Release|Any CPU
		{64B6D16E-661C-40D8-BF8F-0A0D265218D9}.Release|iPhoneSimulator.ActiveCfg = Release|Any CPU
		{64B6D16E-661C-40D8-BF8F-0A0D265218D9}.Release|iPhoneSimulator.Build.0 = Release|Any CPU
		{64B6D16E-661C-40D8-BF8F-0A0D265218D9}.Release|x64.ActiveCfg = Release|Any CPU
		{64B6D16E-661C-40D8-BF8F-0A0D265218D9}.Release|x64.Build.0 = Release|Any CPU
		{64B6D16E-661C-40D8-BF8F-0A0D265218D9}.Release|x86.ActiveCfg = Release|Any CPU
		{64B6D16E-661C-40D8-BF8F-0A0D265218D9}.Release|x86.Build.0 = Release|Any CPU
		{AD75B139-DE22-4016-A5BC-416D48284AEF}.Debug|Any CPU.ActiveCfg = Debug|Any CPU
		{AD75B139-DE22-4016-A5BC-416D48284AEF}.Debug|Any CPU.Build.0 = Debug|Any CPU
		{AD75B139-DE22-4016-A5BC-416D48284AEF}.Debug|Any CPU.Deploy.0 = Debug|Any CPU
		{AD75B139-DE22-4016-A5BC-416D48284AEF}.Debug|ARM.ActiveCfg = Debug|Any CPU
		{AD75B139-DE22-4016-A5BC-416D48284AEF}.Debug|ARM.Build.0 = Debug|Any CPU
		{AD75B139-DE22-4016-A5BC-416D48284AEF}.Debug|ARM.Deploy.0 = Debug|Any CPU
		{AD75B139-DE22-4016-A5BC-416D48284AEF}.Debug|iPhone.ActiveCfg = Debug|Any CPU
		{AD75B139-DE22-4016-A5BC-416D48284AEF}.Debug|iPhone.Build.0 = Debug|Any CPU
		{AD75B139-DE22-4016-A5BC-416D48284AEF}.Debug|iPhone.Deploy.0 = Debug|Any CPU
		{AD75B139-DE22-4016-A5BC-416D48284AEF}.Debug|iPhoneSimulator.ActiveCfg = Debug|Any CPU
		{AD75B139-DE22-4016-A5BC-416D48284AEF}.Debug|iPhoneSimulator.Build.0 = Debug|Any CPU
		{AD75B139-DE22-4016-A5BC-416D48284AEF}.Debug|iPhoneSimulator.Deploy.0 = Debug|Any CPU
		{AD75B139-DE22-4016-A5BC-416D48284AEF}.Debug|x64.ActiveCfg = Debug|Any CPU
		{AD75B139-DE22-4016-A5BC-416D48284AEF}.Debug|x64.Build.0 = Debug|Any CPU
		{AD75B139-DE22-4016-A5BC-416D48284AEF}.Debug|x64.Deploy.0 = Debug|Any CPU
		{AD75B139-DE22-4016-A5BC-416D48284AEF}.Debug|x86.ActiveCfg = Debug|Any CPU
		{AD75B139-DE22-4016-A5BC-416D48284AEF}.Debug|x86.Build.0 = Debug|Any CPU
		{AD75B139-DE22-4016-A5BC-416D48284AEF}.Debug|x86.Deploy.0 = Debug|Any CPU
		{AD75B139-DE22-4016-A5BC-416D48284AEF}.Release|Any CPU.ActiveCfg = Release|Any CPU
		{AD75B139-DE22-4016-A5BC-416D48284AEF}.Release|Any CPU.Build.0 = Release|Any CPU
		{AD75B139-DE22-4016-A5BC-416D48284AEF}.Release|Any CPU.Deploy.0 = Release|Any CPU
		{AD75B139-DE22-4016-A5BC-416D48284AEF}.Release|ARM.ActiveCfg = Release|Any CPU
		{AD75B139-DE22-4016-A5BC-416D48284AEF}.Release|ARM.Build.0 = Release|Any CPU
		{AD75B139-DE22-4016-A5BC-416D48284AEF}.Release|ARM.Deploy.0 = Release|Any CPU
		{AD75B139-DE22-4016-A5BC-416D48284AEF}.Release|iPhone.ActiveCfg = Release|Any CPU
		{AD75B139-DE22-4016-A5BC-416D48284AEF}.Release|iPhone.Build.0 = Release|Any CPU
		{AD75B139-DE22-4016-A5BC-416D48284AEF}.Release|iPhone.Deploy.0 = Release|Any CPU
		{AD75B139-DE22-4016-A5BC-416D48284AEF}.Release|iPhoneSimulator.ActiveCfg = Release|Any CPU
		{AD75B139-DE22-4016-A5BC-416D48284AEF}.Release|iPhoneSimulator.Build.0 = Release|Any CPU
		{AD75B139-DE22-4016-A5BC-416D48284AEF}.Release|iPhoneSimulator.Deploy.0 = Release|Any CPU
		{AD75B139-DE22-4016-A5BC-416D48284AEF}.Release|x64.ActiveCfg = Release|Any CPU
		{AD75B139-DE22-4016-A5BC-416D48284AEF}.Release|x64.Build.0 = Release|Any CPU
		{AD75B139-DE22-4016-A5BC-416D48284AEF}.Release|x64.Deploy.0 = Release|Any CPU
		{AD75B139-DE22-4016-A5BC-416D48284AEF}.Release|x86.ActiveCfg = Release|Any CPU
		{AD75B139-DE22-4016-A5BC-416D48284AEF}.Release|x86.Build.0 = Release|Any CPU
		{AD75B139-DE22-4016-A5BC-416D48284AEF}.Release|x86.Deploy.0 = Release|Any CPU
		{2E9A7503-AEC2-4189-B09A-DA04D9A8AD3E}.Debug|Any CPU.ActiveCfg = Debug|iPhone
		{2E9A7503-AEC2-4189-B09A-DA04D9A8AD3E}.Debug|ARM.ActiveCfg = Debug|iPhone
		{2E9A7503-AEC2-4189-B09A-DA04D9A8AD3E}.Debug|iPhone.ActiveCfg = Debug|iPhone
		{2E9A7503-AEC2-4189-B09A-DA04D9A8AD3E}.Debug|iPhone.Build.0 = Debug|iPhone
		{2E9A7503-AEC2-4189-B09A-DA04D9A8AD3E}.Debug|iPhoneSimulator.ActiveCfg = Debug|iPhoneSimulator
		{2E9A7503-AEC2-4189-B09A-DA04D9A8AD3E}.Debug|iPhoneSimulator.Build.0 = Debug|iPhoneSimulator
		{2E9A7503-AEC2-4189-B09A-DA04D9A8AD3E}.Debug|x64.ActiveCfg = Debug|iPhone
		{2E9A7503-AEC2-4189-B09A-DA04D9A8AD3E}.Debug|x86.ActiveCfg = Debug|iPhone
		{2E9A7503-AEC2-4189-B09A-DA04D9A8AD3E}.Release|Any CPU.ActiveCfg = Release|iPhone
		{2E9A7503-AEC2-4189-B09A-DA04D9A8AD3E}.Release|ARM.ActiveCfg = Release|iPhone
		{2E9A7503-AEC2-4189-B09A-DA04D9A8AD3E}.Release|iPhone.ActiveCfg = Release|iPhone
		{2E9A7503-AEC2-4189-B09A-DA04D9A8AD3E}.Release|iPhone.Build.0 = Release|iPhone
		{2E9A7503-AEC2-4189-B09A-DA04D9A8AD3E}.Release|iPhoneSimulator.ActiveCfg = Release|iPhoneSimulator
		{2E9A7503-AEC2-4189-B09A-DA04D9A8AD3E}.Release|iPhoneSimulator.Build.0 = Release|iPhoneSimulator
		{2E9A7503-AEC2-4189-B09A-DA04D9A8AD3E}.Release|x64.ActiveCfg = Release|iPhone
		{2E9A7503-AEC2-4189-B09A-DA04D9A8AD3E}.Release|x86.ActiveCfg = Release|iPhone
		{3AE36E94-98D8-4536-871E-64FEEC02D9CB}.Debug|Any CPU.ActiveCfg = Debug|Any CPU
		{3AE36E94-98D8-4536-871E-64FEEC02D9CB}.Debug|Any CPU.Build.0 = Debug|Any CPU
		{3AE36E94-98D8-4536-871E-64FEEC02D9CB}.Debug|ARM.ActiveCfg = Debug|Any CPU
		{3AE36E94-98D8-4536-871E-64FEEC02D9CB}.Debug|ARM.Build.0 = Debug|Any CPU
		{3AE36E94-98D8-4536-871E-64FEEC02D9CB}.Debug|iPhone.ActiveCfg = Debug|Any CPU
		{3AE36E94-98D8-4536-871E-64FEEC02D9CB}.Debug|iPhone.Build.0 = Debug|Any CPU
		{3AE36E94-98D8-4536-871E-64FEEC02D9CB}.Debug|iPhoneSimulator.ActiveCfg = Debug|Any CPU
		{3AE36E94-98D8-4536-871E-64FEEC02D9CB}.Debug|iPhoneSimulator.Build.0 = Debug|Any CPU
		{3AE36E94-98D8-4536-871E-64FEEC02D9CB}.Debug|x64.ActiveCfg = Debug|Any CPU
		{3AE36E94-98D8-4536-871E-64FEEC02D9CB}.Debug|x64.Build.0 = Debug|Any CPU
		{3AE36E94-98D8-4536-871E-64FEEC02D9CB}.Debug|x86.ActiveCfg = Debug|Any CPU
		{3AE36E94-98D8-4536-871E-64FEEC02D9CB}.Debug|x86.Build.0 = Debug|Any CPU
		{3AE36E94-98D8-4536-871E-64FEEC02D9CB}.Release|Any CPU.ActiveCfg = Release|Any CPU
		{3AE36E94-98D8-4536-871E-64FEEC02D9CB}.Release|Any CPU.Build.0 = Release|Any CPU
		{3AE36E94-98D8-4536-871E-64FEEC02D9CB}.Release|ARM.ActiveCfg = Release|Any CPU
		{3AE36E94-98D8-4536-871E-64FEEC02D9CB}.Release|ARM.Build.0 = Release|Any CPU
		{3AE36E94-98D8-4536-871E-64FEEC02D9CB}.Release|iPhone.ActiveCfg = Release|Any CPU
		{3AE36E94-98D8-4536-871E-64FEEC02D9CB}.Release|iPhone.Build.0 = Release|Any CPU
		{3AE36E94-98D8-4536-871E-64FEEC02D9CB}.Release|iPhoneSimulator.ActiveCfg = Release|Any CPU
		{3AE36E94-98D8-4536-871E-64FEEC02D9CB}.Release|iPhoneSimulator.Build.0 = Release|Any CPU
		{3AE36E94-98D8-4536-871E-64FEEC02D9CB}.Release|x64.ActiveCfg = Release|Any CPU
		{3AE36E94-98D8-4536-871E-64FEEC02D9CB}.Release|x64.Build.0 = Release|Any CPU
		{3AE36E94-98D8-4536-871E-64FEEC02D9CB}.Release|x86.ActiveCfg = Release|Any CPU
		{3AE36E94-98D8-4536-871E-64FEEC02D9CB}.Release|x86.Build.0 = Release|Any CPU
	EndGlobalSection
	GlobalSection(SolutionProperties) = preSolution
		HideSolutionNode = FALSE
	EndGlobalSection
	GlobalSection(NestedProjects) = preSolution
		{64B6D16E-661C-40D8-BF8F-0A0D265218D9} = {9C42A07B-FB56-4155-AA16-6E93A7AF6910}
		{5B65DFFB-3EB8-4CE1-9ADB-36EA1D7083DE} = {9C42A07B-FB56-4155-AA16-6E93A7AF6910}
		{AD75B139-DE22-4016-A5BC-416D48284AEF} = {5B65DFFB-3EB8-4CE1-9ADB-36EA1D7083DE}
		{2E9A7503-AEC2-4189-B09A-DA04D9A8AD3E} = {5B65DFFB-3EB8-4CE1-9ADB-36EA1D7083DE}
		{3AE36E94-98D8-4536-871E-64FEEC02D9CB} = {5B65DFFB-3EB8-4CE1-9ADB-36EA1D7083DE}
	EndGlobalSection
	GlobalSection(ExtensibilityGlobals) = postSolution
		SolutionGuid = {E8BBE964-EBD2-4000-B2E8-F2ECFE394C43}
	EndGlobalSection
EndGlobal
